
Microsoft Visual Studio Solution File, Format Version 12.00
# Visual Studio Version 16
VisualStudioVersion = 16.0.30611.23
MinimumVisualStudioVersion = 10.0.40219.1
Project("{FAE04EC0-301F-11D3-BF4B-00C04F79EFBC}") = "UwpApp", "UwpApp\UwpApp.csproj", "{BECBC1EE-D26A-439D-ADAA-F13CF592FA62}"
EndProject
Project("{FAE04EC0-301F-11D3-BF4B-00C04F79EFBC}") = "DataAccessLibrary", "DataAccessLibrary\DataAccessLibrary.csproj", "{0E119804-DF82-4955-90A3-183777A6B273}"
EndProject
Project("{FAE04EC0-301F-11D3-BF4B-00C04F79EFBC}") = "DataBindingApp", "DataBindingApp\DataBindingApp.csproj", "{F4760FBF-7547-4867-AF25-82E85DD6B2CC}"
EndProject
Global
	GlobalSection(SolutionConfigurationPlatforms) = preSolution
		Debug|Any CPU = Debug|Any CPU
		Debug|ARM = Debug|ARM
		Debug|ARM64 = Debug|ARM64
		Debug|x64 = Debug|x64
		Debug|x86 = Debug|x86
		Release|Any CPU = Release|Any CPU
		Release|ARM = Release|ARM
		Release|ARM64 = Release|ARM64
		Release|x64 = Release|x64
		Release|x86 = Release|x86
	EndGlobalSection
	GlobalSection(ProjectConfigurationPlatforms) = postSolution
		{BECBC1EE-D26A-439D-ADAA-F13CF592FA62}.Debug|Any CPU.ActiveCfg = Debug|x86
		{BECBC1EE-D26A-439D-ADAA-F13CF592FA62}.Debug|ARM.ActiveCfg = Debug|ARM
		{BECBC1EE-D26A-439D-ADAA-F13CF592FA62}.Debug|ARM.Build.0 = Debug|ARM
		{BECBC1EE-D26A-439D-ADAA-F13CF592FA62}.Debug|ARM.Deploy.0 = Debug|ARM
		{BECBC1EE-D26A-439D-ADAA-F13CF592FA62}.Debug|ARM64.ActiveCfg = Debug|ARM64
		{BECBC1EE-D26A-439D-ADAA-F13CF592FA62}.Debug|ARM64.Build.0 = Debug|ARM64
		{BECBC1EE-D26A-439D-ADAA-F13CF592FA62}.Debug|ARM64.Deploy.0 = Debug|ARM64
		{BECBC1EE-D26A-439D-ADAA-F13CF592FA62}.Debug|x64.ActiveCfg = Debug|x64
		{BECBC1EE-D26A-439D-ADAA-F13CF592FA62}.Debug|x64.Build.0 = Debug|x64
		{BECBC1EE-D26A-439D-ADAA-F13CF592FA62}.Debug|x64.Deploy.0 = Debug|x64
		{BECBC1EE-D26A-439D-ADAA-F13CF592FA62}.Debug|x86.ActiveCfg = Debug|x86
		{BECBC1EE-D26A-439D-ADAA-F13CF592FA62}.Debug|x86.Build.0 = Debug|x86
		{BECBC1EE-D26A-439D-ADAA-F13CF592FA62}.Debug|x86.Deploy.0 = Debug|x86
		{BECBC1EE-D26A-439D-ADAA-F13CF592FA62}.Release|Any CPU.ActiveCfg = Release|x86
		{BECBC1EE-D26A-439D-ADAA-F13CF592FA62}.Release|ARM.ActiveCfg = Release|ARM
		{BECBC1EE-D26A-439D-ADAA-F13CF592FA62}.Release|ARM.Build.0 = Release|ARM
		{BECBC1EE-D26A-439D-ADAA-F13CF592FA62}.Release|ARM.Deploy.0 = Release|ARM
		{BECBC1EE-D26A-439D-ADAA-F13CF592FA62}.Release|ARM64.ActiveCfg = Release|ARM64
		{BECBC1EE-D26A-439D-ADAA-F13CF592FA62}.Release|ARM64.Build.0 = Release|ARM64
		{BECBC1EE-D26A-439D-ADAA-F13CF592FA62}.Release|ARM64.Deploy.0 = Release|ARM64
		{BECBC1EE-D26A-439D-ADAA-F13CF592FA62}.Release|x64.ActiveCfg = Release|x64
		{BECBC1EE-D26A-439D-ADAA-F13CF592FA62}.Release|x64.Build.0 = Release|x64
		{BECBC1EE-D26A-439D-ADAA-F13CF592FA62}.Release|x64.Deploy.0 = Release|x64
		{BECBC1EE-D26A-439D-ADAA-F13CF592FA62}.Release|x86.ActiveCfg = Release|x86
		{BECBC1EE-D26A-439D-ADAA-F13CF592FA62}.Release|x86.Build.0 = Release|x86
		{BECBC1EE-D26A-439D-ADAA-F13CF592FA62}.Release|x86.Deploy.0 = Release|x86
		{0E119804-DF82-4955-90A3-183777A6B273}.Debug|Any CPU.ActiveCfg = Debug|Any CPU
		{0E119804-DF82-4955-90A3-183777A6B273}.Debug|Any CPU.Build.0 = Debug|Any CPU
		{0E119804-DF82-4955-90A3-183777A6B273}.Debug|ARM.ActiveCfg = Debug|ARM
		{0E119804-DF82-4955-90A3-183777A6B273}.Debug|ARM.Build.0 = Debug|ARM
		{0E119804-DF82-4955-90A3-183777A6B273}.Debug|ARM64.ActiveCfg = Debug|ARM64
		{0E119804-DF82-4955-90A3-183777A6B273}.Debug|ARM64.Build.0 = Debug|ARM64
		{0E119804-DF82-4955-90A3-183777A6B273}.Debug|x64.ActiveCfg = Debug|x64
		{0E119804-DF82-4955-90A3-183777A6B273}.Debug|x64.Build.0 = Debug|x64
		{0E119804-DF82-4955-90A3-183777A6B273}.Debug|x86.ActiveCfg = Debug|x86
		{0E119804-DF82-4955-90A3-183777A6B273}.Debug|x86.Build.0 = Debug|x86
		{0E119804-DF82-4955-90A3-183777A6B273}.Release|Any CPU.ActiveCfg = Release|Any CPU
		{0E119804-DF82-4955-90A3-183777A6B273}.Release|Any CPU.Build.0 = Release|Any CPU
		{0E119804-DF82-4955-90A3-183777A6B273}.Release|ARM.ActiveCfg = Release|ARM
		{0E119804-DF82-4955-90A3-183777A6B273}.Release|ARM.Build.0 = Release|ARM
		{0E119804-DF82-4955-90A3-183777A6B273}.Release|ARM64.ActiveCfg = Release|ARM64
		{0E119804-DF82-4955-90A3-183777A6B273}.Release|ARM64.Build.0 = Release|ARM64
		{0E119804-DF82-4955-90A3-183777A6B273}.Release|x64.ActiveCfg = Release|x64
		{0E119804-DF82-4955-90A3-183777A6B273}.Release|x64.Build.0 = Release|x64
		{0E119804-DF82-4955-90A3-183777A6B273}.Release|x86.ActiveCfg = Release|x86
		{0E119804-DF82-4955-90A3-183777A6B273}.Release|x86.Build.0 = Release|x86
		{F4760FBF-7547-4867-AF25-82E85DD6B2CC}.Debug|Any CPU.ActiveCfg = Debug|x86
		{F4760FBF-7547-4867-AF25-82E85DD6B2CC}.Debug|ARM.ActiveCfg = Debug|ARM
		{F4760FBF-7547-4867-AF25-82E85DD6B2CC}.Debug|ARM.Build.0 = Debug|ARM
		{F4760FBF-7547-4867-AF25-82E85DD6B2CC}.Debug|ARM.Deploy.0 = Debug|ARM
		{F4760FBF-7547-4867-AF25-82E85DD6B2CC}.Debug|ARM64.ActiveCfg = Debug|ARM64
		{F4760FBF-7547-4867-AF25-82E85DD6B2CC}.Debug|ARM64.Build.0 = Debug|ARM64
		{F4760FBF-7547-4867-AF25-82E85DD6B2CC}.Debug|ARM64.Deploy.0 = Debug|ARM64
		{F4760FBF-7547-4867-AF25-82E85DD6B2CC}.Debug|x64.ActiveCfg = Debug|x64
		{F4760FBF-7547-4867-AF25-82E85DD6B2CC}.Debug|x64.Build.0 = Debug|x64
		{F4760FBF-7547-4867-AF25-82E85DD6B2CC}.Debug|x64.Deploy.0 = Debug|x64
		{F4760FBF-7547-4867-AF25-82E85DD6B2CC}.Debug|x86.ActiveCfg = Debug|x86
		{F4760FBF-7547-4867-AF25-82E85DD6B2CC}.Debug|x86.Build.0 = Debug|x86
		{F4760FBF-7547-4867-AF25-82E85DD6B2CC}.Debug|x86.Deploy.0 = Debug|x86
		{F4760FBF-7547-4867-AF25-82E85DD6B2CC}.Release|Any CPU.ActiveCfg = Release|x86
		{F4760FBF-7547-4867-AF25-82E85DD6B2CC}.Release|ARM.ActiveCfg = Release|ARM
		{F4760FBF-7547-4867-AF25-82E85DD6B2CC}.Release|ARM.Build.0 = Release|ARM
		{F4760FBF-7547-4867-AF25-82E85DD6B2CC}.Release|ARM.Deploy.0 = Release|ARM
		{F4760FBF-7547-4867-AF25-82E85DD6B2CC}.Release|ARM64.ActiveCfg = Release|ARM64
		{F4760FBF-7547-4867-AF25-82E85DD6B2CC}.Release|ARM64.Build.0 = Release|ARM64
		{F4760FBF-7547-4867-AF25-82E85DD6B2CC}.Release|ARM64.Deploy.0 = Release|ARM64
		{F4760FBF-7547-4867-AF25-82E85DD6B2CC}.Release|x64.ActiveCfg = Release|x64
		{F4760FBF-7547-4867-AF25-82E85DD6B2CC}.Release|x64.Build.0 = Release|x64
		{F4760FBF-7547-4867-AF25-82E85DD6B2CC}.Release|x64.Deploy.0 = Release|x64
		{F4760FBF-7547-4867-AF25-82E85DD6B2CC}.Release|x86.ActiveCfg = Release|x86
		{F4760FBF-7547-4867-AF25-82E85DD6B2CC}.Release|x86.Build.0 = Release|x86
		{F4760FBF-7547-4867-AF25-82E85DD6B2CC}.Release|x86.Deploy.0 = Release|x86
	EndGlobalSection
	GlobalSection(SolutionProperties) = preSolution
		HideSolutionNode = FALSE
	EndGlobalSection
	GlobalSection(ExtensibilityGlobals) = postSolution
		SolutionGuid = {631E9E29-B8E3-4C32-A83D-1AD1B7BE29FA}
	EndGlobalSection
EndGlobal
